
Microsoft Visual Studio Solution File, Format Version 12.00
Project("{2150E333-8FDC-42A3-9474-1A3956D46DE8}") = "server", "server", "{99A9CAEB-499E-4142-BC45-9074BA2831AB}"
EndProject
Project("{2150E333-8FDC-42A3-9474-1A3956D46DE8}") = "client", "client", "{9AB4C2F0-5EAB-4F79-928C-1D443AF295A9}"
EndProject
Project("{FAE04EC0-301F-11D3-BF4B-00C04F79EFBC}") = "ReLoop.Api", "server\ReLoop.Api\ReLoop.Api.csproj", "{028271FC-3C56-4F4E-BDE6-3F82DB94E9A5}"
EndProject
Project("{FAE04EC0-301F-11D3-BF4B-00C04F79EFBC}") = "ReLoop.Application", "server\ReLoop.Application\ReLoop.Application.csproj", "{5A3BC454-5E16-458D-AF64-4F0F1BB2247C}"
EndProject
Project("{FAE04EC0-301F-11D3-BF4B-00C04F79EFBC}") = "ReLoop.Domain", "server\ReLoop.Domain\ReLoop.Domain.csproj", "{76E0C331-2F73-40D7-B3BF-0CD3B5321C38}"
EndProject
Project("{FAE04EC0-301F-11D3-BF4B-00C04F79EFBC}") = "ReLoop.Infrastructure", "server\ReLoop.Infrastructure\ReLoop.Infrastructure.csproj", "{C39F5F12-67AB-49B2-852A-EDD4333A1F27}"
EndProject
Project("{FAE04EC0-301F-11D3-BF4B-00C04F79EFBC}") = "ReLoop.Client", "client\ReLoop.Client\ReLoop.Client.csproj", "{6E76D571-0324-4398-A5F5-CA3E33630DDC}"
EndProject
Project("{2150E333-8FDC-42A3-9474-1A3956D46DE8}") = "shared", "shared", "{A3ACBA6B-ED14-4526-A053-DB63B27316C0}"
EndProject
Project("{FAE04EC0-301F-11D3-BF4B-00C04F79EFBC}") = "ReLoop.Shared.Infrastructure", "shared\ReLoop.Shared.Infrastructure\ReLoop.Shared.Infrastructure.csproj", "{C21B5B22-F8F9-4E8E-818F-CF188037C203}"
EndProject
Project("{FAE04EC0-301F-11D3-BF4B-00C04F79EFBC}") = "ReLoop.Shared.Abstractions", "shared\ReLoop.Shared.Abstractions\ReLoop.Shared.Abstractions.csproj", "{AFDA784C-7550-4525-9369-35E50CD5CC7F}"
EndProject
Project("{FAE04EC0-301F-11D3-BF4B-00C04F79EFBC}") = "ReLoop.Shared.Contracts", "shared\ReLoop.Shared.Contracts\ReLoop.Shared.Contracts.csproj", "{AB6C25C8-4EEE-415C-807A-5D5A73FB8CFC}"
EndProject
Global
	GlobalSection(SolutionConfigurationPlatforms) = preSolution
		Debug|Any CPU = Debug|Any CPU
		Release|Any CPU = Release|Any CPU
	EndGlobalSection
	GlobalSection(NestedProjects) = preSolution
		{028271FC-3C56-4F4E-BDE6-3F82DB94E9A5} = {99A9CAEB-499E-4142-BC45-9074BA2831AB}
		{5A3BC454-5E16-458D-AF64-4F0F1BB2247C} = {99A9CAEB-499E-4142-BC45-9074BA2831AB}
		{76E0C331-2F73-40D7-B3BF-0CD3B5321C38} = {99A9CAEB-499E-4142-BC45-9074BA2831AB}
		{C39F5F12-67AB-49B2-852A-EDD4333A1F27} = {99A9CAEB-499E-4142-BC45-9074BA2831AB}
		{6E76D571-0324-4398-A5F5-CA3E33630DDC} = {9AB4C2F0-5EAB-4F79-928C-1D443AF295A9}
		{C21B5B22-F8F9-4E8E-818F-CF188037C203} = {A3ACBA6B-ED14-4526-A053-DB63B27316C0}
		{AFDA784C-7550-4525-9369-35E50CD5CC7F} = {A3ACBA6B-ED14-4526-A053-DB63B27316C0}
		{AB6C25C8-4EEE-415C-807A-5D5A73FB8CFC} = {A3ACBA6B-ED14-4526-A053-DB63B27316C0}
	EndGlobalSection
	GlobalSection(ProjectConfigurationPlatforms) = postSolution
		{028271FC-3C56-4F4E-BDE6-3F82DB94E9A5}.Debug|Any CPU.ActiveCfg = Debug|Any CPU
		{028271FC-3C56-4F4E-BDE6-3F82DB94E9A5}.Debug|Any CPU.Build.0 = Debug|Any CPU
		{028271FC-3C56-4F4E-BDE6-3F82DB94E9A5}.Release|Any CPU.ActiveCfg = Release|Any CPU
		{028271FC-3C56-4F4E-BDE6-3F82DB94E9A5}.Release|Any CPU.Build.0 = Release|Any CPU
		{5A3BC454-5E16-458D-AF64-4F0F1BB2247C}.Debug|Any CPU.ActiveCfg = Debug|Any CPU
		{5A3BC454-5E16-458D-AF64-4F0F1BB2247C}.Debug|Any CPU.Build.0 = Debug|Any CPU
		{5A3BC454-5E16-458D-AF64-4F0F1BB2247C}.Release|Any CPU.ActiveCfg = Release|Any CPU
		{5A3BC454-5E16-458D-AF64-4F0F1BB2247C}.Release|Any CPU.Build.0 = Release|Any CPU
		{76E0C331-2F73-40D7-B3BF-0CD3B5321C38}.Debug|Any CPU.ActiveCfg = Debug|Any CPU
		{76E0C331-2F73-40D7-B3BF-0CD3B5321C38}.Debug|Any CPU.Build.0 = Debug|Any CPU
		{76E0C331-2F73-40D7-B3BF-0CD3B5321C38}.Release|Any CPU.ActiveCfg = Release|Any CPU
		{76E0C331-2F73-40D7-B3BF-0CD3B5321C38}.Release|Any CPU.Build.0 = Release|Any CPU
		{C39F5F12-67AB-49B2-852A-EDD4333A1F27}.Debug|Any CPU.ActiveCfg = Debug|Any CPU
		{C39F5F12-67AB-49B2-852A-EDD4333A1F27}.Debug|Any CPU.Build.0 = Debug|Any CPU
		{C39F5F12-67AB-49B2-852A-EDD4333A1F27}.Release|Any CPU.ActiveCfg = Release|Any CPU
		{C39F5F12-67AB-49B2-852A-EDD4333A1F27}.Release|Any CPU.Build.0 = Release|Any CPU
		{6E76D571-0324-4398-A5F5-CA3E33630DDC}.Debug|Any CPU.ActiveCfg = Debug|Any CPU
		{6E76D571-0324-4398-A5F5-CA3E33630DDC}.Debug|Any CPU.Build.0 = Debug|Any CPU
		{6E76D571-0324-4398-A5F5-CA3E33630DDC}.Release|Any CPU.ActiveCfg = Release|Any CPU
		{6E76D571-0324-4398-A5F5-CA3E33630DDC}.Release|Any CPU.Build.0 = Release|Any CPU
		{C21B5B22-F8F9-4E8E-818F-CF188037C203}.Debug|Any CPU.ActiveCfg = Debug|Any CPU
		{C21B5B22-F8F9-4E8E-818F-CF188037C203}.Debug|Any CPU.Build.0 = Debug|Any CPU
		{C21B5B22-F8F9-4E8E-818F-CF188037C203}.Release|Any CPU.ActiveCfg = Release|Any CPU
		{C21B5B22-F8F9-4E8E-818F-CF188037C203}.Release|Any CPU.Build.0 = Release|Any CPU
		{AFDA784C-7550-4525-9369-35E50CD5CC7F}.Debug|Any CPU.ActiveCfg = Debug|Any CPU
		{AFDA784C-7550-4525-9369-35E50CD5CC7F}.Debug|Any CPU.Build.0 = Debug|Any CPU
		{AFDA784C-7550-4525-9369-35E50CD5CC7F}.Release|Any CPU.ActiveCfg = Release|Any CPU
		{AFDA784C-7550-4525-9369-35E50CD5CC7F}.Release|Any CPU.Build.0 = Release|Any CPU
		{AB6C25C8-4EEE-415C-807A-5D5A73FB8CFC}.Debug|Any CPU.ActiveCfg = Debug|Any CPU
		{AB6C25C8-4EEE-415C-807A-5D5A73FB8CFC}.Debug|Any CPU.Build.0 = Debug|Any CPU
		{AB6C25C8-4EEE-415C-807A-5D5A73FB8CFC}.Release|Any CPU.ActiveCfg = Release|Any CPU
		{AB6C25C8-4EEE-415C-807A-5D5A73FB8CFC}.Release|Any CPU.Build.0 = Release|Any CPU
	EndGlobalSection
EndGlobal
